version = 2

[[package]]
name = "abla-cli"
provider = "git"
identity = "git:https://github.com/AndreBaltazar8/abla-cli.git"
source = "https://github.com/AndreBaltazar8/abla-cli.git"
selector-kind = "tag"
selector = "v0.1.2"
revision = "de76d58e186e423b8456134abe62c8510078c103"
digest = "c9a60968821cf6f22039cc8ec58adcd72390d324"
entry = "src/cli.ab"
